
Microsoft Visual Studio Solution File, Format Version 12.00
# Visual Studio 2013
VisualStudioVersion = 12.0.21005.1
MinimumVisualStudioVersion = 10.0.40219.1
Project("{8BC9CEB8-8B4A-11D0-8D11-00A0C91BC942}") = "server_asg3", "server_asg3\server_asg3.vcxproj", "{614C8DDE-9D69-44AB-B6D1-D0DBFC66BEEF}"
EndProject
Project("{8BC9CEB8-8B4A-11D0-8D11-00A0C91BC942}") = "Router", "Router\Router.vcxproj", "{C9036FA7-485C-4246-986E-56AF4C2265FF}"
EndProject
Global
	GlobalSection(SolutionConfigurationPlatforms) = preSolution
		Debug|Win32 = Debug|Win32
		Release|Win32 = Release|Win32
	EndGlobalSection
	GlobalSection(ProjectConfigurationPlatforms) = postSolution
		{614C8DDE-9D69-44AB-B6D1-D0DBFC66BEEF}.Debug|Win32.ActiveCfg = Debug|Win32
		{614C8DDE-9D69-44AB-B6D1-D0DBFC66BEEF}.Debug|Win32.Build.0 = Debug|Win32
		{614C8DDE-9D69-44AB-B6D1-D0DBFC66BEEF}.Release|Win32.ActiveCfg = Release|Win32
		{614C8DDE-9D69-44AB-B6D1-D0DBFC66BEEF}.Release|Win32.Build.0 = Release|Win32
		{C9036FA7-485C-4246-986E-56AF4C2265FF}.Debug|Win32.ActiveCfg = Debug|Win32
		{C9036FA7-485C-4246-986E-56AF4C2265FF}.Debug|Win32.Build.0 = Debug|Win32
		{C9036FA7-485C-4246-986E-56AF4C2265FF}.Release|Win32.ActiveCfg = Release|Win32
		{C9036FA7-485C-4246-986E-56AF4C2265FF}.Release|Win32.Build.0 = Release|Win32
	EndGlobalSection
	GlobalSection(SolutionProperties) = preSolution
		HideSolutionNode = FALSE
	EndGlobalSection
EndGlobal
