
Microsoft Visual Studio Solution File, Format Version 12.00
# Visual Studio 2012
Project("{8BC9CEB8-8B4A-11D0-8D11-00A0C91BC942}") = "Client", "Client\Client.vcxproj", "{D8F516A0-2469-45CF-BD50-58E9D0C51C85}"
EndProject
Project("{8BC9CEB8-8B4A-11D0-8D11-00A0C91BC942}") = "Server", "Server\Server.vcxproj", "{FD12D36D-992E-4A32-B7F5-56E9417098AE}"
EndProject
Project("{8BC9CEB8-8B4A-11D0-8D11-00A0C91BC942}") = "Router", "Router\Router.vcxproj", "{F0DAFE88-E6B1-4E15-9D2A-7144C43218D6}"
EndProject
Global
	GlobalSection(SolutionConfigurationPlatforms) = preSolution
		Debug|Win32 = Debug|Win32
		Release|Win32 = Release|Win32
	EndGlobalSection
	GlobalSection(ProjectConfigurationPlatforms) = postSolution
		{D8F516A0-2469-45CF-BD50-58E9D0C51C85}.Debug|Win32.ActiveCfg = Debug|Win32
		{D8F516A0-2469-45CF-BD50-58E9D0C51C85}.Debug|Win32.Build.0 = Debug|Win32
		{D8F516A0-2469-45CF-BD50-58E9D0C51C85}.Release|Win32.ActiveCfg = Release|Win32
		{D8F516A0-2469-45CF-BD50-58E9D0C51C85}.Release|Win32.Build.0 = Release|Win32
		{FD12D36D-992E-4A32-B7F5-56E9417098AE}.Debug|Win32.ActiveCfg = Debug|Win32
		{FD12D36D-992E-4A32-B7F5-56E9417098AE}.Debug|Win32.Build.0 = Debug|Win32
		{FD12D36D-992E-4A32-B7F5-56E9417098AE}.Release|Win32.ActiveCfg = Release|Win32
		{FD12D36D-992E-4A32-B7F5-56E9417098AE}.Release|Win32.Build.0 = Release|Win32
		{F0DAFE88-E6B1-4E15-9D2A-7144C43218D6}.Debug|Win32.ActiveCfg = Debug|Win32
		{F0DAFE88-E6B1-4E15-9D2A-7144C43218D6}.Debug|Win32.Build.0 = Debug|Win32
		{F0DAFE88-E6B1-4E15-9D2A-7144C43218D6}.Release|Win32.ActiveCfg = Release|Win32
		{F0DAFE88-E6B1-4E15-9D2A-7144C43218D6}.Release|Win32.Build.0 = Release|Win32
	EndGlobalSection
	GlobalSection(SolutionProperties) = preSolution
		HideSolutionNode = FALSE
	EndGlobalSection
EndGlobal
